
Microsoft Visual Studio Solution File, Format Version 12.00
# Visual Studio Version 17
VisualStudioVersion = 17.4.33213.308
MinimumVisualStudioVersion = 10.0.40219.1
Project("{FAE04EC0-301F-11D3-BF4B-00C04F79EFBC}") = "Space.Invaders", "Space.Invaders.csproj", "{C22B4C4F-D60E-4454-8221-94E24110497E}"
EndProject
Project("{9A19103F-16F7-4668-BE54-9A1E7A4F7556}") = "Space.Invaders.Tests", "..\SpaceInvadersTests\Space.Invaders.Tests.csproj", "{FD552CEB-40EC-4FBF-AA3B-F7A75CCD7DEA}"
EndProject
Global
	GlobalSection(SolutionConfigurationPlatforms) = preSolution
		Debug|Any CPU = Debug|Any CPU
		Release|Any CPU = Release|Any CPU
	EndGlobalSection
	GlobalSection(ProjectConfigurationPlatforms) = postSolution
		{C22B4C4F-D60E-4454-8221-94E24110497E}.Debug|Any CPU.ActiveCfg = Debug|Any CPU
		{C22B4C4F-D60E-4454-8221-94E24110497E}.Debug|Any CPU.Build.0 = Debug|Any CPU
		{C22B4C4F-D60E-4454-8221-94E24110497E}.Release|Any CPU.ActiveCfg = Release|Any CPU
		{C22B4C4F-D60E-4454-8221-94E24110497E}.Release|Any CPU.Build.0 = Release|Any CPU
		{FD552CEB-40EC-4FBF-AA3B-F7A75CCD7DEA}.Debug|Any CPU.ActiveCfg = Debug|Any CPU
		{FD552CEB-40EC-4FBF-AA3B-F7A75CCD7DEA}.Debug|Any CPU.Build.0 = Debug|Any CPU
		{FD552CEB-40EC-4FBF-AA3B-F7A75CCD7DEA}.Release|Any CPU.ActiveCfg = Release|Any CPU
		{FD552CEB-40EC-4FBF-AA3B-F7A75CCD7DEA}.Release|Any CPU.Build.0 = Release|Any CPU
	EndGlobalSection
	GlobalSection(SolutionProperties) = preSolution
		HideSolutionNode = FALSE
	EndGlobalSection
	GlobalSection(ExtensibilityGlobals) = postSolution
		SolutionGuid = {4C55640C-D07A-40DD-9795-B1EF0CC3CBC5}
	EndGlobalSection
EndGlobal
